{
  "nodes": {
    "nixpkgs": {
      "locked": {
        "lastModified": 1746000000,
        "narHash": "sha256-BBBBBBBBBBBBBBBBBBBBBBBBBBBBBBBBBBBBBBBBBBB=",
        "owner": "NixOS",
        "repo": "nixpkgs",
        "rev": "cc31070434c4e3cc10a76f0b9e0dcbc370d2e980",
        "type": "github"
      },
      "original": {
        "owner": "NixOS",
        "repo": "nixpkgs",
        "ref": "nixos-24.11",
        "type": "github"
      }
    },
    "root": {
      "inputs": {
        "nixpkgs": "nixpkgs"
      }
    }
  },
  "root": "root",
  "version": 7
}
